
Microsoft Visual Studio Solution File, Format Version 12.00
# Visual Studio Version 17
VisualStudioVersion = 17.4.33015.44
MinimumVisualStudioVersion = 10.0.40219.1
Project("{FAE04EC0-301F-11D3-BF4B-00C04F79EFBC}") = "TimePicker", "TimePicker\TimePicker.csproj", "{3E9C6CA4-5A4F-48A3-B0B8-54DDE6121C48}"
EndProject
Project("{FAE04EC0-301F-11D3-BF4B-00C04F79EFBC}") = "TimePicker.Models", "TimePicker.Models\TimePicker.Models.csproj", "{4E62177D-9C0F-4E87-ADD3-49621D5F2390}"
EndProject
Global
	GlobalSection(SolutionConfigurationPlatforms) = preSolution
		Debug|Any CPU = Debug|Any CPU
		Release|Any CPU = Release|Any CPU
	EndGlobalSection
	GlobalSection(ProjectConfigurationPlatforms) = postSolution
		{3E9C6CA4-5A4F-48A3-B0B8-54DDE6121C48}.Debug|Any CPU.ActiveCfg = Debug|Any CPU
		{3E9C6CA4-5A4F-48A3-B0B8-54DDE6121C48}.Debug|Any CPU.Build.0 = Debug|Any CPU
		{3E9C6CA4-5A4F-48A3-B0B8-54DDE6121C48}.Release|Any CPU.ActiveCfg = Release|Any CPU
		{3E9C6CA4-5A4F-48A3-B0B8-54DDE6121C48}.Release|Any CPU.Build.0 = Release|Any CPU
		{4E62177D-9C0F-4E87-ADD3-49621D5F2390}.Debug|Any CPU.ActiveCfg = Debug|Any CPU
		{4E62177D-9C0F-4E87-ADD3-49621D5F2390}.Debug|Any CPU.Build.0 = Debug|Any CPU
		{4E62177D-9C0F-4E87-ADD3-49621D5F2390}.Release|Any CPU.ActiveCfg = Release|Any CPU
		{4E62177D-9C0F-4E87-ADD3-49621D5F2390}.Release|Any CPU.Build.0 = Release|Any CPU
	EndGlobalSection
	GlobalSection(SolutionProperties) = preSolution
		HideSolutionNode = FALSE
	EndGlobalSection
	GlobalSection(ExtensibilityGlobals) = postSolution
		SolutionGuid = {A07D863A-C67A-48A6-AC75-5E170568D5D0}
	EndGlobalSection
EndGlobal
